
Microsoft Visual Studio Solution File, Format Version 12.00
# Visual Studio 2013
VisualStudioVersion = 12.0.30110.0
MinimumVisualStudioVersion = 10.0.40219.1
Project("{FAE04EC0-301F-11D3-BF4B-00C04F79EFBC}") = "StylishCode.Setup", "Source\StylishCode.Setup\StylishCode.Setup.csproj", "{392A6AA5-FA16-4688-A6C4-A967616BDAB5}"
EndProject
Project("{2150E333-8FDC-42A3-9474-1A3956D46DE8}") = ".nuget", ".nuget", "{F20642C7-3421-4981-A4BD-E66C11F9F9D5}"
	ProjectSection(SolutionItems) = preProject
		.nuget\NuGet.Config = .nuget\NuGet.Config
		.nuget\NuGet.exe = .nuget\NuGet.exe
	EndProjectSection
EndProject
Project("{FAE04EC0-301F-11D3-BF4B-00C04F79EFBC}") = "StylishCode.Tests", "Source\StylishCode.Tests\StylishCode.Tests.csproj", "{49BAADE8-0DF9-4D51-9770-FEA1E28886DA}"
EndProject
Project("{FAE04EC0-301F-11D3-BF4B-00C04F79EFBC}") = "StylishCode", "Source\StylishCode\StylishCode.csproj", "{B72270A2-ADD0-4F4D-BF8F-CC158BF74D43}"
EndProject
Global
	GlobalSection(SolutionConfigurationPlatforms) = preSolution
		Debug|Any CPU = Debug|Any CPU
		Release|Any CPU = Release|Any CPU
	EndGlobalSection
	GlobalSection(ProjectConfigurationPlatforms) = postSolution
		{392A6AA5-FA16-4688-A6C4-A967616BDAB5}.Debug|Any CPU.ActiveCfg = Debug|Any CPU
		{392A6AA5-FA16-4688-A6C4-A967616BDAB5}.Debug|Any CPU.Build.0 = Debug|Any CPU
		{392A6AA5-FA16-4688-A6C4-A967616BDAB5}.Release|Any CPU.ActiveCfg = Release|Any CPU
		{392A6AA5-FA16-4688-A6C4-A967616BDAB5}.Release|Any CPU.Build.0 = Release|Any CPU
		{49BAADE8-0DF9-4D51-9770-FEA1E28886DA}.Debug|Any CPU.ActiveCfg = Debug|Any CPU
		{49BAADE8-0DF9-4D51-9770-FEA1E28886DA}.Debug|Any CPU.Build.0 = Debug|Any CPU
		{49BAADE8-0DF9-4D51-9770-FEA1E28886DA}.Release|Any CPU.ActiveCfg = Release|Any CPU
		{49BAADE8-0DF9-4D51-9770-FEA1E28886DA}.Release|Any CPU.Build.0 = Release|Any CPU
		{B72270A2-ADD0-4F4D-BF8F-CC158BF74D43}.Debug|Any CPU.ActiveCfg = Debug|Any CPU
		{B72270A2-ADD0-4F4D-BF8F-CC158BF74D43}.Debug|Any CPU.Build.0 = Debug|Any CPU
		{B72270A2-ADD0-4F4D-BF8F-CC158BF74D43}.Release|Any CPU.ActiveCfg = Release|Any CPU
		{B72270A2-ADD0-4F4D-BF8F-CC158BF74D43}.Release|Any CPU.Build.0 = Release|Any CPU
	EndGlobalSection
	GlobalSection(SolutionProperties) = preSolution
		HideSolutionNode = FALSE
	EndGlobalSection
EndGlobal
